
Microsoft Visual Studio Solution File, Format Version 12.00
# Visual Studio Version 17
VisualStudioVersion = 17.7.34221.43
MinimumVisualStudioVersion = 10.0.40219.1
Project("{8BC9CEB8-8B4A-11D0-8D11-00A0C91BC942}") = "ConsoleApplication5", "ConsoleApplication5\ConsoleApplication5.vcxproj", "{117A67CE-CBCE-4196-8C2D-09697DCB5E6D}"
EndProject
Global
	GlobalSection(SolutionConfigurationPlatforms) = preSolution
		Debug|x64 = Debug|x64
		Debug|x86 = Debug|x86
		Release|x64 = Release|x64
		Release|x86 = Release|x86
	EndGlobalSection
	GlobalSection(ProjectConfigurationPlatforms) = postSolution
		{117A67CE-CBCE-4196-8C2D-09697DCB5E6D}.Debug|x64.ActiveCfg = Debug|x64
		{117A67CE-CBCE-4196-8C2D-09697DCB5E6D}.Debug|x64.Build.0 = Debug|x64
		{117A67CE-CBCE-4196-8C2D-09697DCB5E6D}.Debug|x86.ActiveCfg = Debug|Win32
		{117A67CE-CBCE-4196-8C2D-09697DCB5E6D}.Debug|x86.Build.0 = Debug|Win32
		{117A67CE-CBCE-4196-8C2D-09697DCB5E6D}.Release|x64.ActiveCfg = Release|x64
		{117A67CE-CBCE-4196-8C2D-09697DCB5E6D}.Release|x64.Build.0 = Release|x64
		{117A67CE-CBCE-4196-8C2D-09697DCB5E6D}.Release|x86.ActiveCfg = Release|Win32
		{117A67CE-CBCE-4196-8C2D-09697DCB5E6D}.Release|x86.Build.0 = Release|Win32
	EndGlobalSection
	GlobalSection(SolutionProperties) = preSolution
		HideSolutionNode = FALSE
	EndGlobalSection
	GlobalSection(ExtensibilityGlobals) = postSolution
		SolutionGuid = {D9B6CE61-31F3-4A9E-A8DF-01F08FA7161C}
	EndGlobalSection
EndGlobal
